// !$*UTF8*$!
{
	archiveVersion = 1;
	classes = {
	};
	objectVersion = 48;
	objects = {

/* Begin PBXBuildFile section */
		27E28103219A557600A9D3ED /* AppDelegate.swift in Sources */ = {isa = PBXBuildFile; fileRef = 27E28102219A557600A9D3ED /* AppDelegate.swift */; };
		27E28108219A557600A9D3ED /* Main.storyboard in Resources */ = {isa = PBXBuildFile; fileRef = 27E28106219A557600A9D3ED /* Main.storyboard */; };
		27E2810A219A557600A9D3ED /* Assets.xcassets in Resources */ = {isa = PBXBuildFile; fileRef = 27E28109219A557600A9D3ED /* Assets.xcassets */; };
		27E2810D219A557600A9D3ED /* LaunchScreen.storyboard in Resources */ = {isa = PBXBuildFile; fileRef = 27E2810B219A557600A9D3ED /* LaunchScreen.storyboard */; };
		27E28116219A55AD00A9D3ED /* OneVc.swift in Sources */ = {isa = PBXBuildFile; fileRef = 27E28114219A55AD00A9D3ED /* OneVc.swift */; };
		27E28117219A55AD00A9D3ED /* TwoVc.swift in Sources */ = {isa = PBXBuildFile; fileRef = 27E28115219A55AD00A9D3ED /* TwoVc.swift */; };
/* End PBXBuildFile section */

/* Begin PBXFileReference section */
		27E280FF219A557600A9D3ED /* 通知传值.app */ = {isa = PBXFileReference; explicitFileType = wrapper.application; includeInIndex = 0; path = "通知传值.app"; sourceTree = BUILT_PRODUCTS_DIR; };
		27E28102219A557600A9D3ED /* AppDelegate.swift */ = {isa = PBXFileReference; lastKnownFileType = sourcecode.swift; path = AppDelegate.swift; sourceTree = "<group>"; };
		27E28107219A557600A9D3ED /* Base */ = {isa = PBXFileReference; lastKnownFileType = file.storyboard; name = Base; path = Base.lproj/Main.storyboard; sourceTree = "<group>"; };
		27E28109219A557600A9D3ED /* Assets.xcassets */ = {isa = PBXFileReference; lastKnownFileType = folder.assetcatalog; path = Assets.xcassets; sourceTree = "<group>"; };
		27E2810C219A557600A9D3ED /* Base */ = {isa = PBXFileReference; lastKnownFileType = file.storyboard; name = Base; path = Base.lproj/LaunchScreen.storyboard; sourceTree = "<group>"; };
		27E2810E219A557600A9D3ED /* Info.plist */ = {isa = PBXFileReference; lastKnownFileType = text.plist.xml; path = Info.plist; sourceTree = "<group>"; };
		27E28114219A55AD00A9D3ED /* OneVc.swift */ = {isa = PBXFileReference; fileEncoding = 4; lastKnownFileType = sourcecode.swift; path = OneVc.swift; sourceTree = "<group>"; };
		27E28115219A55AD00A9D3ED /* TwoVc.swift */ = {isa = PBXFileReference; fileEncoding = 4; lastKnownFileType = sourcecode.swift; path = TwoVc.swift; sourceTree = "<group>"; };
/* End PBXFileReference section */

/* Begin PBXFrameworksBuildPhase section */
		27E280FC219A557500A9D3ED /* Frameworks */ = {
			isa = PBXFrameworksBuildPhase;
			buildActionMask = 2147483647;
			files = (
			);
			runOnlyForDeploymentPostprocessing = 0;
		};
/* End PBXFrameworksBuildPhase section */

/* Begin PBXGroup section */
		27E280F6219A557500A9D3ED = {
			isa = PBXGroup;
			children = (
				27E28101219A557600A9D3ED /* 通知传值 */,
				27E28100219A557600A9D3ED /* Products */,
			);
			sourceTree = "<group>";
		};
		27E28100219A557600A9D3ED /* Products */ = {
			isa = PBXGroup;
			children = (
				27E280FF219A557600A9D3ED /* 通知传值.app */,
			);
			name = Products;
			sourceTree = "<group>";
		};
		27E28101219A557600A9D3ED /* 通知传值 */ = {
			isa = PBXGroup;
			children = (
				27E28114219A55AD00A9D3ED /* OneVc.swift */,
				27E28115219A55AD00A9D3ED /* TwoVc.swift */,
				27E28102219A557600A9D3ED /* AppDelegate.swift */,
				27E28106219A557600A9D3ED /* Main.storyboard */,
				27E28109219A557600A9D3ED /* Assets.xcassets */,
				27E2810B219A557600A9D3ED /* LaunchScreen.storyboard */,
				27E2810E219A557600A9D3ED /* Info.plist */,
			);
			path = "通知传值";
			sourceTree = "<group>";
		};
/* End PBXGroup section */

/* Begin PBXNativeTarget section */
		27E280FE219A557500A9D3ED /* 通知传值 */ = {
			isa = PBXNativeTarget;
			buildConfigurationList = 27E28111219A557600A9D3ED /* Build configuration list for PBXNativeTarget "通知传值" */;
			buildPhases = (
				27E280FB219A557500A9D3ED /* Sources */,
				27E280FC219A557500A9D3ED /* Frameworks */,
				27E280FD219A557500A9D3ED /* Resources */,
			);
			buildRules = (
			);
			dependencies = (
			);
			name = "通知传值";
			productName = "通知传值";
			productReference = 27E280FF219A557600A9D3ED /* 通知传值.app */;
			productType = "com.apple.product-type.application";
		};
/* End PBXNativeTarget section */

/* Begin PBXProject section */
		27E280F7219A557500A9D3ED /* Project object */ = {
			isa = PBXProject;
			attributes = {
				LastSwiftUpdateCheck = 0920;
				LastUpgradeCheck = 0920;
				ORGANIZATIONNAME = YZH;
				TargetAttributes = {
					27E280FE219A557500A9D3ED = {
						CreatedOnToolsVersion = 9.2;
						ProvisioningStyle = Manual;
					};
				};
			};
			buildConfigurationList = 27E280FA219A557500A9D3ED /* Build configuration list for PBXProject "通知传值" */;
			compatibilityVersion = "Xcode 8.0";
			developmentRegion = en;
			hasScannedForEncodings = 0;
			knownRegions = (
				en,
				Base,
			);
			mainGroup = 27E280F6219A557500A9D3ED;
			productRefGroup = 27E28100219A557600A9D3ED /* Products */;
			projectDirPath = "";
			projectRoot = "";
			targets = (
				27E280FE219A557500A9D3ED /* 通知传值 */,
			);
		};
/* End PBXProject section */

/* Begin PBXResourcesBuildPhase section */
		27E280FD219A557500A9D3ED /* Resources */ = {
			isa = PBXResourcesBuildPhase;
			buildActionMask = 2147483647;
			files = (
				27E2810D219A557600A9D3ED /* LaunchScreen.storyboard in Resources */,
				27E2810A219A557600A9D3ED /* Assets.xcassets in Resources */,
				27E28108219A557600A9D3ED /* Main.storyboard in Resources */,
			);
			runOnlyForDeploymentPostprocessing = 0;
		};
/* End PBXResourcesBuildPhase section */

/* Begin PBXSourcesBuildPhase section */
		27E280FB219A557500A9D3ED /* Sources */ = {
			isa = PBXSourcesBuildPhase;
			buildActionMask = 2147483647;
			files = (
				27E28117219A55AD00A9D3ED /* TwoVc.swift in Sources */,
				27E28103219A557600A9D3ED /* AppDelegate.swift in Sources */,
				27E28116219A55AD00A9D3ED /* OneVc.swift in Sources */,
			);
			runOnlyForDeploymentPostprocessing = 0;
		};
/* End PBXSourcesBuildPhase section */

/* Begin PBXVariantGroup section */
		27E28106219A557600A9D3ED /* Main.storyboard */ = {
			isa = PBXVariantGroup;
			children = (
				27E28107219A557600A9D3ED /* Base */,
			);
			name = Main.storyboard;
			sourceTree = "<group>";
		};
		27E2810B219A557600A9D3ED /* LaunchScreen.storyboard */ = {
			isa = PBXVariantGroup;
			children = (
				27E2810C219A557600A9D3ED /* Base */,
			);
			name = LaunchScreen.storyboard;
			sourceTree = "<group>";
		};
/* End PBXVariantGroup section */

/* Begin XCBuildConfiguration section */
		27E2810F219A557600A9D3ED /* Debug */ = {
			isa = XCBuildConfiguration;
			buildSettings = {
				ALWAYS_SEARCH_USER_PATHS = NO;
				CLANG_ANALYZER_NONNULL = YES;
				CLANG_ANALYZER_NUMBER_OBJECT_CONVERSION = YES_AGGRESSIVE;
				CLANG_CXX_LANGUAGE_STANDARD = "gnu++14";
				CLANG_CXX_LIBRARY = "libc++";
				CLANG_ENABLE_MODULES = YES;
				CLANG_ENABLE_OBJC_ARC = YES;
				CLANG_WARN_BLOCK_CAPTURE_AUTORELEASING = YES;
				CLANG_WARN_BOOL_CONVERSION = YES;
				CLANG_WARN_COMMA = YES;
				CLANG_WARN_CONSTANT_CONVERSION = YES;
				CLANG_WARN_DIRECT_OBJC_ISA_USAGE = YES_ERROR;
				CLANG_WARN_DOCUMENTATION_COMMENTS = YES;
				CLANG_WARN_EMPTY_BODY = YES;
				CLANG_WARN_ENUM_CONVERSION = YES;
				CLANG_WARN_INFINITE_RECURSION = YES;
				CLANG_WARN_INT_CONVERSION = YES;
				CLANG_WARN_NON_LITERAL_NULL_CONVERSION = YES;
				CLANG_WARN_OBJC_LITERAL_CONVERSION = YES;
				CLANG_WARN_OBJC_ROOT_CLASS = YES_ERROR;
				CLANG_WARN_RANGE_LOOP_ANALYSIS = YES;
				CLANG_WARN_STRICT_PROTOTYPES = YES;
				CLANG_WARN_SUSPICIOUS_MOVE = YES;
				CLANG_WARN_UNGUARDED_AVAILABILITY = YES_AGGRESSIVE;
				CLANG_WARN_UNREACHABLE_CODE = YES;
				CLANG_WARN__DUPLICATE_METHOD_MATCH = YES;
				CODE_SIGN_IDENTITY = "iPhone Developer";
				COPY_PHASE_STRIP = NO;
				DEBUG_INFORMATION_FORMAT = dwarf;
				ENABLE_STRICT_OBJC_MSGSEND = YES;
				ENABLE_TESTABILITY = YES;
				GCC_C_LANGUAGE_STANDARD = gnu11;
				GCC_DYNAMIC_NO_PIC = NO;
				GCC_NO_COMMON_BLOCKS = YES;
				GCC_OPTIMIZATION_LEVEL = 0;
				GCC_PREPROCESSOR_DEFINITIONS = (
					"DEBUG=1",
					"$(inherited)",
				);
				GCC_WARN_64_TO_32_BIT_CONVERSION = YES;
				GCC_WARN_ABOUT_RETURN_TYPE = YES_ERROR;
				GCC_WARN_UNDECLARED_SELECTOR = YES;
				GCC_WARN_UNINITIALIZED_AUTOS = YES_AGGRESSIVE;
				GCC_WARN_UNUSED_FUNCTION = YES;
				GCC_WARN_UNUSED_VARIABLE = YES;
				IPHONEOS_DEPLOYMENT_TARGET = 11.2;
				MTL_ENABLE_DEBUG_INFO = YES;
				ONLY_ACTIVE_ARCH = YES;
				SDKROOT = iphoneos;
				SWIFT_ACTIVE_COMPILATION_CONDITIONS = DEBUG;
				SWIFT_OPTIMIZATION_LEVEL = "-Onone";
			};
			name = Debug;
		};
		27E28110219A557600A9D3ED /* Release */ = {
			isa = XCBuildConfiguration;
			buildSettings = {
				ALWAYS_SEARCH_USER_PATHS = NO;
				CLANG_ANALYZER_NONNULL = YES;
				CLANG_ANALYZER_NUMBER_OBJECT_CONVERSION = YES_AGGRESSIVE;
				CLANG_CXX_LANGUAGE_STANDARD = "gnu++14";
				CLANG_CXX_LIBRARY = "libc++";
				CLANG_ENABLE_MODULES = YES;
				CLANG_ENABLE_OBJC_ARC = YES;
				CLANG_WARN_BLOCK_CAPTURE_AUTORELEASING = YES;
				CLANG_WARN_BOOL_CONVERSION = YES;
				CLANG_WARN_COMMA = YES;
				CLANG_WARN_CONSTANT_CONVERSION = YES;
				CLANG_WARN_DIRECT_OBJC_ISA_USAGE = YES_ERROR;
				CLANG_WARN_DOCUMENTATION_COMMENTS = YES;
				CLANG_WARN_EMPTY_BODY = YES;
				CLANG_WARN_ENUM_CONVERSION = YES;
				CLANG_WARN_INFINITE_RECURSION = YES;
				CLANG_WARN_INT_CONVERSION = YES;
				CLANG_WARN_NON_LITERAL_NULL_CONVERSION = YES;
				CLANG_WARN_OBJC_LITERAL_CONVERSION = YES;
				CLANG_WARN_OBJC_ROOT_CLASS = YES_ERROR;
				CLANG_WARN_RANGE_LOOP_ANALYSIS = YES;
				CLANG_WARN_STRICT_PROTOTYPES = YES;
				CLANG_WARN_SUSPICIOUS_MOVE = YES;
				CLANG_WARN_UNGUARDED_AVAILABILITY = YES_AGGRESSIVE;
				CLANG_WARN_UNREACHABLE_CODE = YES;
				CLANG_WARN__DUPLICATE_METHOD_MATCH = YES;
				CODE_SIGN_IDENTITY = "iPhone Developer";
				COPY_PHASE_STRIP = NO;
				DEBUG_INFORMATION_FORMAT = "dwarf-with-dsym";
				ENABLE_NS_ASSERTIONS = NO;
				ENABLE_STRICT_OBJC_MSGSEND = YES;
				GCC_C_LANGUAGE_STANDARD = gnu11;
				GCC_NO_COMMON_BLOCKS = YES;
				GCC_WARN_64_TO_32_BIT_CONVERSION = YES;
				GCC_WARN_ABOUT_RETURN_TYPE = YES_ERROR;
				GCC_WARN_UNDECLARED_SELECTOR = YES;
				GCC_WARN_UNINITIALIZED_AUTOS = YES_AGGRESSIVE;
				GCC_WARN_UNUSED_FUNCTION = YES;
				GCC_WARN_UNUSED_VARIABLE = YES;
				IPHONEOS_DEPLOYMENT_TARGET = 11.2;
				MTL_ENABLE_DEBUG_INFO = NO;
				SDKROOT = iphoneos;
				SWIFT_OPTIMIZATION_LEVEL = "-Owholemodule";
				VALIDATE_PRODUCT = YES;
			};
			name = Release;
		};
		27E28112219A557600A9D3ED /* Debug */ = {
			isa = XCBuildConfiguration;
			buildSettings = {
				ASSETCATALOG_COMPILER_APPICON_NAME = AppIcon;
				CODE_SIGN_STYLE = Manual;
				DEVELOPMENT_TEAM = "";
				INFOPLIST_FILE = "通知传值/Info.plist";
				LD_RUNPATH_SEARCH_PATHS = "$(inherited) @executable_path/Frameworks";
				PRODUCT_BUNDLE_IDENTIFIER = "-.----";
				PRODUCT_NAME = "$(TARGET_NAME)";
				PROVISIONING_PROFILE_SPECIFIER = "";
				SWIFT_VERSION = 4.0;
				TARGETED_DEVICE_FAMILY = "1,2";
			};
			name = Debug;
		};
		27E28113219A557600A9D3ED /* Release */ = {
			isa = XCBuildConfiguration;
			buildSettings = {
				ASSETCATALOG_COMPILER_APPICON_NAME = AppIcon;
				CODE_SIGN_STYLE = Manual;
				DEVELOPMENT_TEAM = "";
				INFOPLIST_FILE = "通知传值/Info.plist";
				LD_RUNPATH_SEARCH_PATHS = "$(inherited) @executable_path/Frameworks";
				PRODUCT_BUNDLE_IDENTIFIER = "-.----";
				PRODUCT_NAME = "$(TARGET_NAME)";
				PROVISIONING_PROFILE_SPECIFIER = "";
				SWIFT_VERSION = 4.0;
				TARGETED_DEVICE_FAMILY = "1,2";
			};
			name = Release;
		};
/* End XCBuildConfiguration section */

/* Begin XCConfigurationList section */
		27E280FA219A557500A9D3ED /* Build configuration list for PBXProject "通知传值" */ = {
			isa = XCConfigurationList;
			buildConfigurations = (
				27E2810F219A557600A9D3ED /* Debug */,
				27E28110219A557600A9D3ED /* Release */,
			);
			defaultConfigurationIsVisible = 0;
			defaultConfigurationName = Release;
		};
		27E28111219A557600A9D3ED /* Build configuration list for PBXNativeTarget "通知传值" */ = {
			isa = XCConfigurationList;
			buildConfigurations = (
				27E28112219A557600A9D3ED /* Debug */,
				27E28113219A557600A9D3ED /* Release */,
			);
			defaultConfigurationIsVisible = 0;
			defaultConfigurationName = Release;
		};
/* End XCConfigurationList section */
	};
	rootObject = 27E280F7219A557500A9D3ED /* Project object */;
}
