// !$*UTF8*$!
{
	archiveVersion = 1;
	classes = {
	};
	objectVersion = 48;
	objects = {

/* Begin PBXBuildFile section */
		278F082221C6B92900CDF3C8 /* AppDelegate.swift in Sources */ = {isa = PBXBuildFile; fileRef = 278F082121C6B92900CDF3C8 /* AppDelegate.swift */; };
		278F082421C6B92900CDF3C8 /* ViewController.swift in Sources */ = {isa = PBXBuildFile; fileRef = 278F082321C6B92900CDF3C8 /* ViewController.swift */; };
		278F082721C6B92900CDF3C8 /* Main.storyboard in Resources */ = {isa = PBXBuildFile; fileRef = 278F082521C6B92900CDF3C8 /* Main.storyboard */; };
		278F082921C6B92900CDF3C8 /* Assets.xcassets in Resources */ = {isa = PBXBuildFile; fileRef = 278F082821C6B92900CDF3C8 /* Assets.xcassets */; };
		278F082C21C6B92900CDF3C8 /* LaunchScreen.storyboard in Resources */ = {isa = PBXBuildFile; fileRef = 278F082A21C6B92900CDF3C8 /* LaunchScreen.storyboard */; };
/* End PBXBuildFile section */

/* Begin PBXFileReference section */
		278F081E21C6B92900CDF3C8 /* 闭包的定义格式.app */ = {isa = PBXFileReference; explicitFileType = wrapper.application; includeInIndex = 0; path = "闭包的定义格式.app"; sourceTree = BUILT_PRODUCTS_DIR; };
		278F082121C6B92900CDF3C8 /* AppDelegate.swift */ = {isa = PBXFileReference; lastKnownFileType = sourcecode.swift; path = AppDelegate.swift; sourceTree = "<group>"; };
		278F082321C6B92900CDF3C8 /* ViewController.swift */ = {isa = PBXFileReference; lastKnownFileType = sourcecode.swift; path = ViewController.swift; sourceTree = "<group>"; };
		278F082621C6B92900CDF3C8 /* Base */ = {isa = PBXFileReference; lastKnownFileType = file.storyboard; name = Base; path = Base.lproj/Main.storyboard; sourceTree = "<group>"; };
		278F082821C6B92900CDF3C8 /* Assets.xcassets */ = {isa = PBXFileReference; lastKnownFileType = folder.assetcatalog; path = Assets.xcassets; sourceTree = "<group>"; };
		278F082B21C6B92900CDF3C8 /* Base */ = {isa = PBXFileReference; lastKnownFileType = file.storyboard; name = Base; path = Base.lproj/LaunchScreen.storyboard; sourceTree = "<group>"; };
		278F082D21C6B92900CDF3C8 /* Info.plist */ = {isa = PBXFileReference; lastKnownFileType = text.plist.xml; path = Info.plist; sourceTree = "<group>"; };
/* End PBXFileReference section */

/* Begin PBXFrameworksBuildPhase section */
		278F081B21C6B92900CDF3C8 /* Frameworks */ = {
			isa = PBXFrameworksBuildPhase;
			buildActionMask = 2147483647;
			files = (
			);
			runOnlyForDeploymentPostprocessing = 0;
		};
/* End PBXFrameworksBuildPhase section */

/* Begin PBXGroup section */
		278F081521C6B92900CDF3C8 = {
			isa = PBXGroup;
			children = (
				278F082021C6B92900CDF3C8 /* 闭包的定义格式 */,
				278F081F21C6B92900CDF3C8 /* Products */,
			);
			sourceTree = "<group>";
		};
		278F081F21C6B92900CDF3C8 /* Products */ = {
			isa = PBXGroup;
			children = (
				278F081E21C6B92900CDF3C8 /* 闭包的定义格式.app */,
			);
			name = Products;
			sourceTree = "<group>";
		};
		278F082021C6B92900CDF3C8 /* 闭包的定义格式 */ = {
			isa = PBXGroup;
			children = (
				278F082121C6B92900CDF3C8 /* AppDelegate.swift */,
				278F082321C6B92900CDF3C8 /* ViewController.swift */,
				278F082521C6B92900CDF3C8 /* Main.storyboard */,
				278F082821C6B92900CDF3C8 /* Assets.xcassets */,
				278F082A21C6B92900CDF3C8 /* LaunchScreen.storyboard */,
				278F082D21C6B92900CDF3C8 /* Info.plist */,
			);
			path = "闭包的定义格式";
			sourceTree = "<group>";
		};
/* End PBXGroup section */

/* Begin PBXNativeTarget section */
		278F081D21C6B92900CDF3C8 /* 闭包的定义格式 */ = {
			isa = PBXNativeTarget;
			buildConfigurationList = 278F083021C6B92900CDF3C8 /* Build configuration list for PBXNativeTarget "闭包的定义格式" */;
			buildPhases = (
				278F081A21C6B92900CDF3C8 /* Sources */,
				278F081B21C6B92900CDF3C8 /* Frameworks */,
				278F081C21C6B92900CDF3C8 /* Resources */,
			);
			buildRules = (
			);
			dependencies = (
			);
			name = "闭包的定义格式";
			productName = "闭包的定义格式";
			productReference = 278F081E21C6B92900CDF3C8 /* 闭包的定义格式.app */;
			productType = "com.apple.product-type.application";
		};
/* End PBXNativeTarget section */

/* Begin PBXProject section */
		278F081621C6B92900CDF3C8 /* Project object */ = {
			isa = PBXProject;
			attributes = {
				LastSwiftUpdateCheck = 0920;
				LastUpgradeCheck = 0920;
				ORGANIZATIONNAME = YZH;
				TargetAttributes = {
					278F081D21C6B92900CDF3C8 = {
						CreatedOnToolsVersion = 9.2;
						ProvisioningStyle = Automatic;
					};
				};
			};
			buildConfigurationList = 278F081921C6B92900CDF3C8 /* Build configuration list for PBXProject "闭包的定义格式" */;
			compatibilityVersion = "Xcode 8.0";
			developmentRegion = en;
			hasScannedForEncodings = 0;
			knownRegions = (
				en,
				Base,
			);
			mainGroup = 278F081521C6B92900CDF3C8;
			productRefGroup = 278F081F21C6B92900CDF3C8 /* Products */;
			projectDirPath = "";
			projectRoot = "";
			targets = (
				278F081D21C6B92900CDF3C8 /* 闭包的定义格式 */,
			);
		};
/* End PBXProject section */

/* Begin PBXResourcesBuildPhase section */
		278F081C21C6B92900CDF3C8 /* Resources */ = {
			isa = PBXResourcesBuildPhase;
			buildActionMask = 2147483647;
			files = (
				278F082C21C6B92900CDF3C8 /* LaunchScreen.storyboard in Resources */,
				278F082921C6B92900CDF3C8 /* Assets.xcassets in Resources */,
				278F082721C6B92900CDF3C8 /* Main.storyboard in Resources */,
			);
			runOnlyForDeploymentPostprocessing = 0;
		};
/* End PBXResourcesBuildPhase section */

/* Begin PBXSourcesBuildPhase section */
		278F081A21C6B92900CDF3C8 /* Sources */ = {
			isa = PBXSourcesBuildPhase;
			buildActionMask = 2147483647;
			files = (
				278F082421C6B92900CDF3C8 /* ViewController.swift in Sources */,
				278F082221C6B92900CDF3C8 /* AppDelegate.swift in Sources */,
			);
			runOnlyForDeploymentPostprocessing = 0;
		};
/* End PBXSourcesBuildPhase section */

/* Begin PBXVariantGroup section */
		278F082521C6B92900CDF3C8 /* Main.storyboard */ = {
			isa = PBXVariantGroup;
			children = (
				278F082621C6B92900CDF3C8 /* Base */,
			);
			name = Main.storyboard;
			sourceTree = "<group>";
		};
		278F082A21C6B92900CDF3C8 /* LaunchScreen.storyboard */ = {
			isa = PBXVariantGroup;
			children = (
				278F082B21C6B92900CDF3C8 /* Base */,
			);
			name = LaunchScreen.storyboard;
			sourceTree = "<group>";
		};
/* End PBXVariantGroup section */

/* Begin XCBuildConfiguration section */
		278F082E21C6B92900CDF3C8 /* Debug */ = {
			isa = XCBuildConfiguration;
			buildSettings = {
				ALWAYS_SEARCH_USER_PATHS = NO;
				CLANG_ANALYZER_NONNULL = YES;
				CLANG_ANALYZER_NUMBER_OBJECT_CONVERSION = YES_AGGRESSIVE;
				CLANG_CXX_LANGUAGE_STANDARD = "gnu++14";
				CLANG_CXX_LIBRARY = "libc++";
				CLANG_ENABLE_MODULES = YES;
				CLANG_ENABLE_OBJC_ARC = YES;
				CLANG_WARN_BLOCK_CAPTURE_AUTORELEASING = YES;
				CLANG_WARN_BOOL_CONVERSION = YES;
				CLANG_WARN_COMMA = YES;
				CLANG_WARN_CONSTANT_CONVERSION = YES;
				CLANG_WARN_DIRECT_OBJC_ISA_USAGE = YES_ERROR;
				CLANG_WARN_DOCUMENTATION_COMMENTS = YES;
				CLANG_WARN_EMPTY_BODY = YES;
				CLANG_WARN_ENUM_CONVERSION = YES;
				CLANG_WARN_INFINITE_RECURSION = YES;
				CLANG_WARN_INT_CONVERSION = YES;
				CLANG_WARN_NON_LITERAL_NULL_CONVERSION = YES;
				CLANG_WARN_OBJC_LITERAL_CONVERSION = YES;
				CLANG_WARN_OBJC_ROOT_CLASS = YES_ERROR;
				CLANG_WARN_RANGE_LOOP_ANALYSIS = YES;
				CLANG_WARN_STRICT_PROTOTYPES = YES;
				CLANG_WARN_SUSPICIOUS_MOVE = YES;
				CLANG_WARN_UNGUARDED_AVAILABILITY = YES_AGGRESSIVE;
				CLANG_WARN_UNREACHABLE_CODE = YES;
				CLANG_WARN__DUPLICATE_METHOD_MATCH = YES;
				CODE_SIGN_IDENTITY = "iPhone Developer";
				COPY_PHASE_STRIP = NO;
				DEBUG_INFORMATION_FORMAT = dwarf;
				ENABLE_STRICT_OBJC_MSGSEND = YES;
				ENABLE_TESTABILITY = YES;
				GCC_C_LANGUAGE_STANDARD = gnu11;
				GCC_DYNAMIC_NO_PIC = NO;
				GCC_NO_COMMON_BLOCKS = YES;
				GCC_OPTIMIZATION_LEVEL = 0;
				GCC_PREPROCESSOR_DEFINITIONS = (
					"DEBUG=1",
					"$(inherited)",
				);
				GCC_WARN_64_TO_32_BIT_CONVERSION = YES;
				GCC_WARN_ABOUT_RETURN_TYPE = YES_ERROR;
				GCC_WARN_UNDECLARED_SELECTOR = YES;
				GCC_WARN_UNINITIALIZED_AUTOS = YES_AGGRESSIVE;
				GCC_WARN_UNUSED_FUNCTION = YES;
				GCC_WARN_UNUSED_VARIABLE = YES;
				IPHONEOS_DEPLOYMENT_TARGET = 11.2;
				MTL_ENABLE_DEBUG_INFO = YES;
				ONLY_ACTIVE_ARCH = YES;
				SDKROOT = iphoneos;
				SWIFT_ACTIVE_COMPILATION_CONDITIONS = DEBUG;
				SWIFT_OPTIMIZATION_LEVEL = "-Onone";
			};
			name = Debug;
		};
		278F082F21C6B92900CDF3C8 /* Release */ = {
			isa = XCBuildConfiguration;
			buildSettings = {
				ALWAYS_SEARCH_USER_PATHS = NO;
				CLANG_ANALYZER_NONNULL = YES;
				CLANG_ANALYZER_NUMBER_OBJECT_CONVERSION = YES_AGGRESSIVE;
				CLANG_CXX_LANGUAGE_STANDARD = "gnu++14";
				CLANG_CXX_LIBRARY = "libc++";
				CLANG_ENABLE_MODULES = YES;
				CLANG_ENABLE_OBJC_ARC = YES;
				CLANG_WARN_BLOCK_CAPTURE_AUTORELEASING = YES;
				CLANG_WARN_BOOL_CONVERSION = YES;
				CLANG_WARN_COMMA = YES;
				CLANG_WARN_CONSTANT_CONVERSION = YES;
				CLANG_WARN_DIRECT_OBJC_ISA_USAGE = YES_ERROR;
				CLANG_WARN_DOCUMENTATION_COMMENTS = YES;
				CLANG_WARN_EMPTY_BODY = YES;
				CLANG_WARN_ENUM_CONVERSION = YES;
				CLANG_WARN_INFINITE_RECURSION = YES;
				CLANG_WARN_INT_CONVERSION = YES;
				CLANG_WARN_NON_LITERAL_NULL_CONVERSION = YES;
				CLANG_WARN_OBJC_LITERAL_CONVERSION = YES;
				CLANG_WARN_OBJC_ROOT_CLASS = YES_ERROR;
				CLANG_WARN_RANGE_LOOP_ANALYSIS = YES;
				CLANG_WARN_STRICT_PROTOTYPES = YES;
				CLANG_WARN_SUSPICIOUS_MOVE = YES;
				CLANG_WARN_UNGUARDED_AVAILABILITY = YES_AGGRESSIVE;
				CLANG_WARN_UNREACHABLE_CODE = YES;
				CLANG_WARN__DUPLICATE_METHOD_MATCH = YES;
				CODE_SIGN_IDENTITY = "iPhone Developer";
				COPY_PHASE_STRIP = NO;
				DEBUG_INFORMATION_FORMAT = "dwarf-with-dsym";
				ENABLE_NS_ASSERTIONS = NO;
				ENABLE_STRICT_OBJC_MSGSEND = YES;
				GCC_C_LANGUAGE_STANDARD = gnu11;
				GCC_NO_COMMON_BLOCKS = YES;
				GCC_WARN_64_TO_32_BIT_CONVERSION = YES;
				GCC_WARN_ABOUT_RETURN_TYPE = YES_ERROR;
				GCC_WARN_UNDECLARED_SELECTOR = YES;
				GCC_WARN_UNINITIALIZED_AUTOS = YES_AGGRESSIVE;
				GCC_WARN_UNUSED_FUNCTION = YES;
				GCC_WARN_UNUSED_VARIABLE = YES;
				IPHONEOS_DEPLOYMENT_TARGET = 11.2;
				MTL_ENABLE_DEBUG_INFO = NO;
				SDKROOT = iphoneos;
				SWIFT_OPTIMIZATION_LEVEL = "-Owholemodule";
				VALIDATE_PRODUCT = YES;
			};
			name = Release;
		};
		278F083121C6B92900CDF3C8 /* Debug */ = {
			isa = XCBuildConfiguration;
			buildSettings = {
				ASSETCATALOG_COMPILER_APPICON_NAME = AppIcon;
				CODE_SIGN_STYLE = Automatic;
				DEVELOPMENT_TEAM = 2UK53EGXY3;
				INFOPLIST_FILE = "闭包的定义格式/Info.plist";
				LD_RUNPATH_SEARCH_PATHS = "$(inherited) @executable_path/Frameworks";
				PRODUCT_BUNDLE_IDENTIFIER = "-.-------";
				PRODUCT_NAME = "$(TARGET_NAME)";
				SWIFT_VERSION = 4.0;
				TARGETED_DEVICE_FAMILY = "1,2";
			};
			name = Debug;
		};
		278F083221C6B92900CDF3C8 /* Release */ = {
			isa = XCBuildConfiguration;
			buildSettings = {
				ASSETCATALOG_COMPILER_APPICON_NAME = AppIcon;
				CODE_SIGN_STYLE = Automatic;
				DEVELOPMENT_TEAM = 2UK53EGXY3;
				INFOPLIST_FILE = "闭包的定义格式/Info.plist";
				LD_RUNPATH_SEARCH_PATHS = "$(inherited) @executable_path/Frameworks";
				PRODUCT_BUNDLE_IDENTIFIER = "-.-------";
				PRODUCT_NAME = "$(TARGET_NAME)";
				SWIFT_VERSION = 4.0;
				TARGETED_DEVICE_FAMILY = "1,2";
			};
			name = Release;
		};
/* End XCBuildConfiguration section */

/* Begin XCConfigurationList section */
		278F081921C6B92900CDF3C8 /* Build configuration list for PBXProject "闭包的定义格式" */ = {
			isa = XCConfigurationList;
			buildConfigurations = (
				278F082E21C6B92900CDF3C8 /* Debug */,
				278F082F21C6B92900CDF3C8 /* Release */,
			);
			defaultConfigurationIsVisible = 0;
			defaultConfigurationName = Release;
		};
		278F083021C6B92900CDF3C8 /* Build configuration list for PBXNativeTarget "闭包的定义格式" */ = {
			isa = XCConfigurationList;
			buildConfigurations = (
				278F083121C6B92900CDF3C8 /* Debug */,
				278F083221C6B92900CDF3C8 /* Release */,
			);
			defaultConfigurationIsVisible = 0;
			defaultConfigurationName = Release;
		};
/* End XCConfigurationList section */
	};
	rootObject = 278F081621C6B92900CDF3C8 /* Project object */;
}
