// !$*UTF8*$!
{
	archiveVersion = 1;
	classes = {
	};
	objectVersion = 48;
	objects = {

/* Begin PBXBuildFile section */
		2767324821CB26A4005C0858 /* AppDelegate.swift in Sources */ = {isa = PBXBuildFile; fileRef = 2767324721CB26A4005C0858 /* AppDelegate.swift */; };
		2767324A21CB26A4005C0858 /* ViewController.swift in Sources */ = {isa = PBXBuildFile; fileRef = 2767324921CB26A4005C0858 /* ViewController.swift */; };
		2767324D21CB26A4005C0858 /* Main.storyboard in Resources */ = {isa = PBXBuildFile; fileRef = 2767324B21CB26A4005C0858 /* Main.storyboard */; };
		2767324F21CB26A4005C0858 /* Assets.xcassets in Resources */ = {isa = PBXBuildFile; fileRef = 2767324E21CB26A4005C0858 /* Assets.xcassets */; };
		2767325221CB26A4005C0858 /* LaunchScreen.storyboard in Resources */ = {isa = PBXBuildFile; fileRef = 2767325021CB26A4005C0858 /* LaunchScreen.storyboard */; };
/* End PBXBuildFile section */

/* Begin PBXFileReference section */
		2767324421CB26A4005C0858 /* Swift中的GCD.app */ = {isa = PBXFileReference; explicitFileType = wrapper.application; includeInIndex = 0; path = "Swift中的GCD.app"; sourceTree = BUILT_PRODUCTS_DIR; };
		2767324721CB26A4005C0858 /* AppDelegate.swift */ = {isa = PBXFileReference; lastKnownFileType = sourcecode.swift; path = AppDelegate.swift; sourceTree = "<group>"; };
		2767324921CB26A4005C0858 /* ViewController.swift */ = {isa = PBXFileReference; lastKnownFileType = sourcecode.swift; path = ViewController.swift; sourceTree = "<group>"; };
		2767324C21CB26A4005C0858 /* Base */ = {isa = PBXFileReference; lastKnownFileType = file.storyboard; name = Base; path = Base.lproj/Main.storyboard; sourceTree = "<group>"; };
		2767324E21CB26A4005C0858 /* Assets.xcassets */ = {isa = PBXFileReference; lastKnownFileType = folder.assetcatalog; path = Assets.xcassets; sourceTree = "<group>"; };
		2767325121CB26A4005C0858 /* Base */ = {isa = PBXFileReference; lastKnownFileType = file.storyboard; name = Base; path = Base.lproj/LaunchScreen.storyboard; sourceTree = "<group>"; };
		2767325321CB26A4005C0858 /* Info.plist */ = {isa = PBXFileReference; lastKnownFileType = text.plist.xml; path = Info.plist; sourceTree = "<group>"; };
/* End PBXFileReference section */

/* Begin PBXFrameworksBuildPhase section */
		2767324121CB26A4005C0858 /* Frameworks */ = {
			isa = PBXFrameworksBuildPhase;
			buildActionMask = 2147483647;
			files = (
			);
			runOnlyForDeploymentPostprocessing = 0;
		};
/* End PBXFrameworksBuildPhase section */

/* Begin PBXGroup section */
		2767323B21CB26A4005C0858 = {
			isa = PBXGroup;
			children = (
				2767324621CB26A4005C0858 /* Swift中的GCD */,
				2767324521CB26A4005C0858 /* Products */,
			);
			sourceTree = "<group>";
		};
		2767324521CB26A4005C0858 /* Products */ = {
			isa = PBXGroup;
			children = (
				2767324421CB26A4005C0858 /* Swift中的GCD.app */,
			);
			name = Products;
			sourceTree = "<group>";
		};
		2767324621CB26A4005C0858 /* Swift中的GCD */ = {
			isa = PBXGroup;
			children = (
				2767324721CB26A4005C0858 /* AppDelegate.swift */,
				2767324921CB26A4005C0858 /* ViewController.swift */,
				2767324B21CB26A4005C0858 /* Main.storyboard */,
				2767324E21CB26A4005C0858 /* Assets.xcassets */,
				2767325021CB26A4005C0858 /* LaunchScreen.storyboard */,
				2767325321CB26A4005C0858 /* Info.plist */,
			);
			path = "Swift中的GCD";
			sourceTree = "<group>";
		};
/* End PBXGroup section */

/* Begin PBXNativeTarget section */
		2767324321CB26A4005C0858 /* Swift中的GCD */ = {
			isa = PBXNativeTarget;
			buildConfigurationList = 2767325621CB26A4005C0858 /* Build configuration list for PBXNativeTarget "Swift中的GCD" */;
			buildPhases = (
				2767324021CB26A4005C0858 /* Sources */,
				2767324121CB26A4005C0858 /* Frameworks */,
				2767324221CB26A4005C0858 /* Resources */,
			);
			buildRules = (
			);
			dependencies = (
			);
			name = "Swift中的GCD";
			productName = "Swift中的GCD";
			productReference = 2767324421CB26A4005C0858 /* Swift中的GCD.app */;
			productType = "com.apple.product-type.application";
		};
/* End PBXNativeTarget section */

/* Begin PBXProject section */
		2767323C21CB26A4005C0858 /* Project object */ = {
			isa = PBXProject;
			attributes = {
				LastSwiftUpdateCheck = 0920;
				LastUpgradeCheck = 0920;
				ORGANIZATIONNAME = YZH;
				TargetAttributes = {
					2767324321CB26A4005C0858 = {
						CreatedOnToolsVersion = 9.2;
						ProvisioningStyle = Automatic;
					};
				};
			};
			buildConfigurationList = 2767323F21CB26A4005C0858 /* Build configuration list for PBXProject "Swift中的GCD" */;
			compatibilityVersion = "Xcode 8.0";
			developmentRegion = en;
			hasScannedForEncodings = 0;
			knownRegions = (
				en,
				Base,
			);
			mainGroup = 2767323B21CB26A4005C0858;
			productRefGroup = 2767324521CB26A4005C0858 /* Products */;
			projectDirPath = "";
			projectRoot = "";
			targets = (
				2767324321CB26A4005C0858 /* Swift中的GCD */,
			);
		};
/* End PBXProject section */

/* Begin PBXResourcesBuildPhase section */
		2767324221CB26A4005C0858 /* Resources */ = {
			isa = PBXResourcesBuildPhase;
			buildActionMask = 2147483647;
			files = (
				2767325221CB26A4005C0858 /* LaunchScreen.storyboard in Resources */,
				2767324F21CB26A4005C0858 /* Assets.xcassets in Resources */,
				2767324D21CB26A4005C0858 /* Main.storyboard in Resources */,
			);
			runOnlyForDeploymentPostprocessing = 0;
		};
/* End PBXResourcesBuildPhase section */

/* Begin PBXSourcesBuildPhase section */
		2767324021CB26A4005C0858 /* Sources */ = {
			isa = PBXSourcesBuildPhase;
			buildActionMask = 2147483647;
			files = (
				2767324A21CB26A4005C0858 /* ViewController.swift in Sources */,
				2767324821CB26A4005C0858 /* AppDelegate.swift in Sources */,
			);
			runOnlyForDeploymentPostprocessing = 0;
		};
/* End PBXSourcesBuildPhase section */

/* Begin PBXVariantGroup section */
		2767324B21CB26A4005C0858 /* Main.storyboard */ = {
			isa = PBXVariantGroup;
			children = (
				2767324C21CB26A4005C0858 /* Base */,
			);
			name = Main.storyboard;
			sourceTree = "<group>";
		};
		2767325021CB26A4005C0858 /* LaunchScreen.storyboard */ = {
			isa = PBXVariantGroup;
			children = (
				2767325121CB26A4005C0858 /* Base */,
			);
			name = LaunchScreen.storyboard;
			sourceTree = "<group>";
		};
/* End PBXVariantGroup section */

/* Begin XCBuildConfiguration section */
		2767325421CB26A4005C0858 /* Debug */ = {
			isa = XCBuildConfiguration;
			buildSettings = {
				ALWAYS_SEARCH_USER_PATHS = NO;
				CLANG_ANALYZER_NONNULL = YES;
				CLANG_ANALYZER_NUMBER_OBJECT_CONVERSION = YES_AGGRESSIVE;
				CLANG_CXX_LANGUAGE_STANDARD = "gnu++14";
				CLANG_CXX_LIBRARY = "libc++";
				CLANG_ENABLE_MODULES = YES;
				CLANG_ENABLE_OBJC_ARC = YES;
				CLANG_WARN_BLOCK_CAPTURE_AUTORELEASING = YES;
				CLANG_WARN_BOOL_CONVERSION = YES;
				CLANG_WARN_COMMA = YES;
				CLANG_WARN_CONSTANT_CONVERSION = YES;
				CLANG_WARN_DIRECT_OBJC_ISA_USAGE = YES_ERROR;
				CLANG_WARN_DOCUMENTATION_COMMENTS = YES;
				CLANG_WARN_EMPTY_BODY = YES;
				CLANG_WARN_ENUM_CONVERSION = YES;
				CLANG_WARN_INFINITE_RECURSION = YES;
				CLANG_WARN_INT_CONVERSION = YES;
				CLANG_WARN_NON_LITERAL_NULL_CONVERSION = YES;
				CLANG_WARN_OBJC_LITERAL_CONVERSION = YES;
				CLANG_WARN_OBJC_ROOT_CLASS = YES_ERROR;
				CLANG_WARN_RANGE_LOOP_ANALYSIS = YES;
				CLANG_WARN_STRICT_PROTOTYPES = YES;
				CLANG_WARN_SUSPICIOUS_MOVE = YES;
				CLANG_WARN_UNGUARDED_AVAILABILITY = YES_AGGRESSIVE;
				CLANG_WARN_UNREACHABLE_CODE = YES;
				CLANG_WARN__DUPLICATE_METHOD_MATCH = YES;
				CODE_SIGN_IDENTITY = "iPhone Developer";
				COPY_PHASE_STRIP = NO;
				DEBUG_INFORMATION_FORMAT = dwarf;
				ENABLE_STRICT_OBJC_MSGSEND = YES;
				ENABLE_TESTABILITY = YES;
				GCC_C_LANGUAGE_STANDARD = gnu11;
				GCC_DYNAMIC_NO_PIC = NO;
				GCC_NO_COMMON_BLOCKS = YES;
				GCC_OPTIMIZATION_LEVEL = 0;
				GCC_PREPROCESSOR_DEFINITIONS = (
					"DEBUG=1",
					"$(inherited)",
				);
				GCC_WARN_64_TO_32_BIT_CONVERSION = YES;
				GCC_WARN_ABOUT_RETURN_TYPE = YES_ERROR;
				GCC_WARN_UNDECLARED_SELECTOR = YES;
				GCC_WARN_UNINITIALIZED_AUTOS = YES_AGGRESSIVE;
				GCC_WARN_UNUSED_FUNCTION = YES;
				GCC_WARN_UNUSED_VARIABLE = YES;
				IPHONEOS_DEPLOYMENT_TARGET = 11.2;
				MTL_ENABLE_DEBUG_INFO = YES;
				ONLY_ACTIVE_ARCH = YES;
				SDKROOT = iphoneos;
				SWIFT_ACTIVE_COMPILATION_CONDITIONS = DEBUG;
				SWIFT_OPTIMIZATION_LEVEL = "-Onone";
			};
			name = Debug;
		};
		2767325521CB26A4005C0858 /* Release */ = {
			isa = XCBuildConfiguration;
			buildSettings = {
				ALWAYS_SEARCH_USER_PATHS = NO;
				CLANG_ANALYZER_NONNULL = YES;
				CLANG_ANALYZER_NUMBER_OBJECT_CONVERSION = YES_AGGRESSIVE;
				CLANG_CXX_LANGUAGE_STANDARD = "gnu++14";
				CLANG_CXX_LIBRARY = "libc++";
				CLANG_ENABLE_MODULES = YES;
				CLANG_ENABLE_OBJC_ARC = YES;
				CLANG_WARN_BLOCK_CAPTURE_AUTORELEASING = YES;
				CLANG_WARN_BOOL_CONVERSION = YES;
				CLANG_WARN_COMMA = YES;
				CLANG_WARN_CONSTANT_CONVERSION = YES;
				CLANG_WARN_DIRECT_OBJC_ISA_USAGE = YES_ERROR;
				CLANG_WARN_DOCUMENTATION_COMMENTS = YES;
				CLANG_WARN_EMPTY_BODY = YES;
				CLANG_WARN_ENUM_CONVERSION = YES;
				CLANG_WARN_INFINITE_RECURSION = YES;
				CLANG_WARN_INT_CONVERSION = YES;
				CLANG_WARN_NON_LITERAL_NULL_CONVERSION = YES;
				CLANG_WARN_OBJC_LITERAL_CONVERSION = YES;
				CLANG_WARN_OBJC_ROOT_CLASS = YES_ERROR;
				CLANG_WARN_RANGE_LOOP_ANALYSIS = YES;
				CLANG_WARN_STRICT_PROTOTYPES = YES;
				CLANG_WARN_SUSPICIOUS_MOVE = YES;
				CLANG_WARN_UNGUARDED_AVAILABILITY = YES_AGGRESSIVE;
				CLANG_WARN_UNREACHABLE_CODE = YES;
				CLANG_WARN__DUPLICATE_METHOD_MATCH = YES;
				CODE_SIGN_IDENTITY = "iPhone Developer";
				COPY_PHASE_STRIP = NO;
				DEBUG_INFORMATION_FORMAT = "dwarf-with-dsym";
				ENABLE_NS_ASSERTIONS = NO;
				ENABLE_STRICT_OBJC_MSGSEND = YES;
				GCC_C_LANGUAGE_STANDARD = gnu11;
				GCC_NO_COMMON_BLOCKS = YES;
				GCC_WARN_64_TO_32_BIT_CONVERSION = YES;
				GCC_WARN_ABOUT_RETURN_TYPE = YES_ERROR;
				GCC_WARN_UNDECLARED_SELECTOR = YES;
				GCC_WARN_UNINITIALIZED_AUTOS = YES_AGGRESSIVE;
				GCC_WARN_UNUSED_FUNCTION = YES;
				GCC_WARN_UNUSED_VARIABLE = YES;
				IPHONEOS_DEPLOYMENT_TARGET = 11.2;
				MTL_ENABLE_DEBUG_INFO = NO;
				SDKROOT = iphoneos;
				SWIFT_OPTIMIZATION_LEVEL = "-Owholemodule";
				VALIDATE_PRODUCT = YES;
			};
			name = Release;
		};
		2767325721CB26A4005C0858 /* Debug */ = {
			isa = XCBuildConfiguration;
			buildSettings = {
				ASSETCATALOG_COMPILER_APPICON_NAME = AppIcon;
				CODE_SIGN_STYLE = Automatic;
				DEVELOPMENT_TEAM = 2UK53EGXY3;
				INFOPLIST_FILE = "Swift中的GCD/Info.plist";
				LD_RUNPATH_SEARCH_PATHS = "$(inherited) @executable_path/Frameworks";
				PRODUCT_BUNDLE_IDENTIFIER = "-.Swift--GCD";
				PRODUCT_NAME = "$(TARGET_NAME)";
				SWIFT_VERSION = 4.0;
				TARGETED_DEVICE_FAMILY = "1,2";
			};
			name = Debug;
		};
		2767325821CB26A4005C0858 /* Release */ = {
			isa = XCBuildConfiguration;
			buildSettings = {
				ASSETCATALOG_COMPILER_APPICON_NAME = AppIcon;
				CODE_SIGN_STYLE = Automatic;
				DEVELOPMENT_TEAM = 2UK53EGXY3;
				INFOPLIST_FILE = "Swift中的GCD/Info.plist";
				LD_RUNPATH_SEARCH_PATHS = "$(inherited) @executable_path/Frameworks";
				PRODUCT_BUNDLE_IDENTIFIER = "-.Swift--GCD";
				PRODUCT_NAME = "$(TARGET_NAME)";
				SWIFT_VERSION = 4.0;
				TARGETED_DEVICE_FAMILY = "1,2";
			};
			name = Release;
		};
/* End XCBuildConfiguration section */

/* Begin XCConfigurationList section */
		2767323F21CB26A4005C0858 /* Build configuration list for PBXProject "Swift中的GCD" */ = {
			isa = XCConfigurationList;
			buildConfigurations = (
				2767325421CB26A4005C0858 /* Debug */,
				2767325521CB26A4005C0858 /* Release */,
			);
			defaultConfigurationIsVisible = 0;
			defaultConfigurationName = Release;
		};
		2767325621CB26A4005C0858 /* Build configuration list for PBXNativeTarget "Swift中的GCD" */ = {
			isa = XCConfigurationList;
			buildConfigurations = (
				2767325721CB26A4005C0858 /* Debug */,
				2767325821CB26A4005C0858 /* Release */,
			);
			defaultConfigurationIsVisible = 0;
			defaultConfigurationName = Release;
		};
/* End XCConfigurationList section */
	};
	rootObject = 2767323C21CB26A4005C0858 /* Project object */;
}
