// !$*UTF8*$!
{
	archiveVersion = 1;
	classes = {
	};
	objectVersion = 48;
	objects = {

/* Begin PBXBuildFile section */
		27C538E521C179EC005EC163 /* AppDelegate.swift in Sources */ = {isa = PBXBuildFile; fileRef = 27C538E421C179EC005EC163 /* AppDelegate.swift */; };
		27C538E721C179EC005EC163 /* ViewController.swift in Sources */ = {isa = PBXBuildFile; fileRef = 27C538E621C179EC005EC163 /* ViewController.swift */; };
		27C538EA21C179EC005EC163 /* Main.storyboard in Resources */ = {isa = PBXBuildFile; fileRef = 27C538E821C179EC005EC163 /* Main.storyboard */; };
		27C538EC21C179EC005EC163 /* Assets.xcassets in Resources */ = {isa = PBXBuildFile; fileRef = 27C538EB21C179EC005EC163 /* Assets.xcassets */; };
		27C538EF21C179EC005EC163 /* LaunchScreen.storyboard in Resources */ = {isa = PBXBuildFile; fileRef = 27C538ED21C179EC005EC163 /* LaunchScreen.storyboard */; };
		27C538F721C17A10005EC163 /* person.swift in Sources */ = {isa = PBXBuildFile; fileRef = 27C538F621C17A10005EC163 /* person.swift */; };
/* End PBXBuildFile section */

/* Begin PBXFileReference section */
		27C538E121C179EC005EC163 /* KVO函数调用的基本实现.app */ = {isa = PBXFileReference; explicitFileType = wrapper.application; includeInIndex = 0; path = "KVO函数调用的基本实现.app"; sourceTree = BUILT_PRODUCTS_DIR; };
		27C538E421C179EC005EC163 /* AppDelegate.swift */ = {isa = PBXFileReference; lastKnownFileType = sourcecode.swift; path = AppDelegate.swift; sourceTree = "<group>"; };
		27C538E621C179EC005EC163 /* ViewController.swift */ = {isa = PBXFileReference; lastKnownFileType = sourcecode.swift; path = ViewController.swift; sourceTree = "<group>"; };
		27C538E921C179EC005EC163 /* Base */ = {isa = PBXFileReference; lastKnownFileType = file.storyboard; name = Base; path = Base.lproj/Main.storyboard; sourceTree = "<group>"; };
		27C538EB21C179EC005EC163 /* Assets.xcassets */ = {isa = PBXFileReference; lastKnownFileType = folder.assetcatalog; path = Assets.xcassets; sourceTree = "<group>"; };
		27C538EE21C179EC005EC163 /* Base */ = {isa = PBXFileReference; lastKnownFileType = file.storyboard; name = Base; path = Base.lproj/LaunchScreen.storyboard; sourceTree = "<group>"; };
		27C538F021C179EC005EC163 /* Info.plist */ = {isa = PBXFileReference; lastKnownFileType = text.plist.xml; path = Info.plist; sourceTree = "<group>"; };
		27C538F621C17A10005EC163 /* person.swift */ = {isa = PBXFileReference; lastKnownFileType = sourcecode.swift; path = person.swift; sourceTree = "<group>"; };
/* End PBXFileReference section */

/* Begin PBXFrameworksBuildPhase section */
		27C538DE21C179EC005EC163 /* Frameworks */ = {
			isa = PBXFrameworksBuildPhase;
			buildActionMask = 2147483647;
			files = (
			);
			runOnlyForDeploymentPostprocessing = 0;
		};
/* End PBXFrameworksBuildPhase section */

/* Begin PBXGroup section */
		27C538D821C179EC005EC163 = {
			isa = PBXGroup;
			children = (
				27C538E321C179EC005EC163 /* KVO函数调用的基本实现 */,
				27C538E221C179EC005EC163 /* Products */,
			);
			sourceTree = "<group>";
		};
		27C538E221C179EC005EC163 /* Products */ = {
			isa = PBXGroup;
			children = (
				27C538E121C179EC005EC163 /* KVO函数调用的基本实现.app */,
			);
			name = Products;
			sourceTree = "<group>";
		};
		27C538E321C179EC005EC163 /* KVO函数调用的基本实现 */ = {
			isa = PBXGroup;
			children = (
				27C538E421C179EC005EC163 /* AppDelegate.swift */,
				27C538E621C179EC005EC163 /* ViewController.swift */,
				27C538E821C179EC005EC163 /* Main.storyboard */,
				27C538EB21C179EC005EC163 /* Assets.xcassets */,
				27C538ED21C179EC005EC163 /* LaunchScreen.storyboard */,
				27C538F021C179EC005EC163 /* Info.plist */,
				27C538F621C17A10005EC163 /* person.swift */,
			);
			path = "KVO函数调用的基本实现";
			sourceTree = "<group>";
		};
/* End PBXGroup section */

/* Begin PBXNativeTarget section */
		27C538E021C179EC005EC163 /* KVO函数调用的基本实现 */ = {
			isa = PBXNativeTarget;
			buildConfigurationList = 27C538F321C179EC005EC163 /* Build configuration list for PBXNativeTarget "KVO函数调用的基本实现" */;
			buildPhases = (
				27C538DD21C179EC005EC163 /* Sources */,
				27C538DE21C179EC005EC163 /* Frameworks */,
				27C538DF21C179EC005EC163 /* Resources */,
			);
			buildRules = (
			);
			dependencies = (
			);
			name = "KVO函数调用的基本实现";
			productName = "KVO函数调用的基本实现";
			productReference = 27C538E121C179EC005EC163 /* KVO函数调用的基本实现.app */;
			productType = "com.apple.product-type.application";
		};
/* End PBXNativeTarget section */

/* Begin PBXProject section */
		27C538D921C179EC005EC163 /* Project object */ = {
			isa = PBXProject;
			attributes = {
				LastSwiftUpdateCheck = 0920;
				LastUpgradeCheck = 0920;
				ORGANIZATIONNAME = YZH;
				TargetAttributes = {
					27C538E021C179EC005EC163 = {
						CreatedOnToolsVersion = 9.2;
						ProvisioningStyle = Automatic;
					};
				};
			};
			buildConfigurationList = 27C538DC21C179EC005EC163 /* Build configuration list for PBXProject "KVO函数调用的基本实现" */;
			compatibilityVersion = "Xcode 8.0";
			developmentRegion = en;
			hasScannedForEncodings = 0;
			knownRegions = (
				en,
				Base,
			);
			mainGroup = 27C538D821C179EC005EC163;
			productRefGroup = 27C538E221C179EC005EC163 /* Products */;
			projectDirPath = "";
			projectRoot = "";
			targets = (
				27C538E021C179EC005EC163 /* KVO函数调用的基本实现 */,
			);
		};
/* End PBXProject section */

/* Begin PBXResourcesBuildPhase section */
		27C538DF21C179EC005EC163 /* Resources */ = {
			isa = PBXResourcesBuildPhase;
			buildActionMask = 2147483647;
			files = (
				27C538EF21C179EC005EC163 /* LaunchScreen.storyboard in Resources */,
				27C538EC21C179EC005EC163 /* Assets.xcassets in Resources */,
				27C538EA21C179EC005EC163 /* Main.storyboard in Resources */,
			);
			runOnlyForDeploymentPostprocessing = 0;
		};
/* End PBXResourcesBuildPhase section */

/* Begin PBXSourcesBuildPhase section */
		27C538DD21C179EC005EC163 /* Sources */ = {
			isa = PBXSourcesBuildPhase;
			buildActionMask = 2147483647;
			files = (
				27C538E721C179EC005EC163 /* ViewController.swift in Sources */,
				27C538F721C17A10005EC163 /* person.swift in Sources */,
				27C538E521C179EC005EC163 /* AppDelegate.swift in Sources */,
			);
			runOnlyForDeploymentPostprocessing = 0;
		};
/* End PBXSourcesBuildPhase section */

/* Begin PBXVariantGroup section */
		27C538E821C179EC005EC163 /* Main.storyboard */ = {
			isa = PBXVariantGroup;
			children = (
				27C538E921C179EC005EC163 /* Base */,
			);
			name = Main.storyboard;
			sourceTree = "<group>";
		};
		27C538ED21C179EC005EC163 /* LaunchScreen.storyboard */ = {
			isa = PBXVariantGroup;
			children = (
				27C538EE21C179EC005EC163 /* Base */,
			);
			name = LaunchScreen.storyboard;
			sourceTree = "<group>";
		};
/* End PBXVariantGroup section */

/* Begin XCBuildConfiguration section */
		27C538F121C179EC005EC163 /* Debug */ = {
			isa = XCBuildConfiguration;
			buildSettings = {
				ALWAYS_SEARCH_USER_PATHS = NO;
				CLANG_ANALYZER_NONNULL = YES;
				CLANG_ANALYZER_NUMBER_OBJECT_CONVERSION = YES_AGGRESSIVE;
				CLANG_CXX_LANGUAGE_STANDARD = "gnu++14";
				CLANG_CXX_LIBRARY = "libc++";
				CLANG_ENABLE_MODULES = YES;
				CLANG_ENABLE_OBJC_ARC = YES;
				CLANG_WARN_BLOCK_CAPTURE_AUTORELEASING = YES;
				CLANG_WARN_BOOL_CONVERSION = YES;
				CLANG_WARN_COMMA = YES;
				CLANG_WARN_CONSTANT_CONVERSION = YES;
				CLANG_WARN_DIRECT_OBJC_ISA_USAGE = YES_ERROR;
				CLANG_WARN_DOCUMENTATION_COMMENTS = YES;
				CLANG_WARN_EMPTY_BODY = YES;
				CLANG_WARN_ENUM_CONVERSION = YES;
				CLANG_WARN_INFINITE_RECURSION = YES;
				CLANG_WARN_INT_CONVERSION = YES;
				CLANG_WARN_NON_LITERAL_NULL_CONVERSION = YES;
				CLANG_WARN_OBJC_LITERAL_CONVERSION = YES;
				CLANG_WARN_OBJC_ROOT_CLASS = YES_ERROR;
				CLANG_WARN_RANGE_LOOP_ANALYSIS = YES;
				CLANG_WARN_STRICT_PROTOTYPES = YES;
				CLANG_WARN_SUSPICIOUS_MOVE = YES;
				CLANG_WARN_UNGUARDED_AVAILABILITY = YES_AGGRESSIVE;
				CLANG_WARN_UNREACHABLE_CODE = YES;
				CLANG_WARN__DUPLICATE_METHOD_MATCH = YES;
				CODE_SIGN_IDENTITY = "iPhone Developer";
				COPY_PHASE_STRIP = NO;
				DEBUG_INFORMATION_FORMAT = dwarf;
				ENABLE_STRICT_OBJC_MSGSEND = YES;
				ENABLE_TESTABILITY = YES;
				GCC_C_LANGUAGE_STANDARD = gnu11;
				GCC_DYNAMIC_NO_PIC = NO;
				GCC_NO_COMMON_BLOCKS = YES;
				GCC_OPTIMIZATION_LEVEL = 0;
				GCC_PREPROCESSOR_DEFINITIONS = (
					"DEBUG=1",
					"$(inherited)",
				);
				GCC_WARN_64_TO_32_BIT_CONVERSION = YES;
				GCC_WARN_ABOUT_RETURN_TYPE = YES_ERROR;
				GCC_WARN_UNDECLARED_SELECTOR = YES;
				GCC_WARN_UNINITIALIZED_AUTOS = YES_AGGRESSIVE;
				GCC_WARN_UNUSED_FUNCTION = YES;
				GCC_WARN_UNUSED_VARIABLE = YES;
				IPHONEOS_DEPLOYMENT_TARGET = 11.2;
				MTL_ENABLE_DEBUG_INFO = YES;
				ONLY_ACTIVE_ARCH = YES;
				SDKROOT = iphoneos;
				SWIFT_ACTIVE_COMPILATION_CONDITIONS = DEBUG;
				SWIFT_OPTIMIZATION_LEVEL = "-Onone";
			};
			name = Debug;
		};
		27C538F221C179EC005EC163 /* Release */ = {
			isa = XCBuildConfiguration;
			buildSettings = {
				ALWAYS_SEARCH_USER_PATHS = NO;
				CLANG_ANALYZER_NONNULL = YES;
				CLANG_ANALYZER_NUMBER_OBJECT_CONVERSION = YES_AGGRESSIVE;
				CLANG_CXX_LANGUAGE_STANDARD = "gnu++14";
				CLANG_CXX_LIBRARY = "libc++";
				CLANG_ENABLE_MODULES = YES;
				CLANG_ENABLE_OBJC_ARC = YES;
				CLANG_WARN_BLOCK_CAPTURE_AUTORELEASING = YES;
				CLANG_WARN_BOOL_CONVERSION = YES;
				CLANG_WARN_COMMA = YES;
				CLANG_WARN_CONSTANT_CONVERSION = YES;
				CLANG_WARN_DIRECT_OBJC_ISA_USAGE = YES_ERROR;
				CLANG_WARN_DOCUMENTATION_COMMENTS = YES;
				CLANG_WARN_EMPTY_BODY = YES;
				CLANG_WARN_ENUM_CONVERSION = YES;
				CLANG_WARN_INFINITE_RECURSION = YES;
				CLANG_WARN_INT_CONVERSION = YES;
				CLANG_WARN_NON_LITERAL_NULL_CONVERSION = YES;
				CLANG_WARN_OBJC_LITERAL_CONVERSION = YES;
				CLANG_WARN_OBJC_ROOT_CLASS = YES_ERROR;
				CLANG_WARN_RANGE_LOOP_ANALYSIS = YES;
				CLANG_WARN_STRICT_PROTOTYPES = YES;
				CLANG_WARN_SUSPICIOUS_MOVE = YES;
				CLANG_WARN_UNGUARDED_AVAILABILITY = YES_AGGRESSIVE;
				CLANG_WARN_UNREACHABLE_CODE = YES;
				CLANG_WARN__DUPLICATE_METHOD_MATCH = YES;
				CODE_SIGN_IDENTITY = "iPhone Developer";
				COPY_PHASE_STRIP = NO;
				DEBUG_INFORMATION_FORMAT = "dwarf-with-dsym";
				ENABLE_NS_ASSERTIONS = NO;
				ENABLE_STRICT_OBJC_MSGSEND = YES;
				GCC_C_LANGUAGE_STANDARD = gnu11;
				GCC_NO_COMMON_BLOCKS = YES;
				GCC_WARN_64_TO_32_BIT_CONVERSION = YES;
				GCC_WARN_ABOUT_RETURN_TYPE = YES_ERROR;
				GCC_WARN_UNDECLARED_SELECTOR = YES;
				GCC_WARN_UNINITIALIZED_AUTOS = YES_AGGRESSIVE;
				GCC_WARN_UNUSED_FUNCTION = YES;
				GCC_WARN_UNUSED_VARIABLE = YES;
				IPHONEOS_DEPLOYMENT_TARGET = 11.2;
				MTL_ENABLE_DEBUG_INFO = NO;
				SDKROOT = iphoneos;
				SWIFT_OPTIMIZATION_LEVEL = "-Owholemodule";
				VALIDATE_PRODUCT = YES;
			};
			name = Release;
		};
		27C538F421C179EC005EC163 /* Debug */ = {
			isa = XCBuildConfiguration;
			buildSettings = {
				ASSETCATALOG_COMPILER_APPICON_NAME = AppIcon;
				CODE_SIGN_STYLE = Automatic;
				DEVELOPMENT_TEAM = 2UK53EGXY3;
				INFOPLIST_FILE = "KVO函数调用的基本实现/Info.plist";
				LD_RUNPATH_SEARCH_PATHS = "$(inherited) @executable_path/Frameworks";
				PRODUCT_BUNDLE_IDENTIFIER = "-.KVO---------";
				PRODUCT_NAME = "$(TARGET_NAME)";
				SWIFT_VERSION = 4.0;
				TARGETED_DEVICE_FAMILY = "1,2";
			};
			name = Debug;
		};
		27C538F521C179EC005EC163 /* Release */ = {
			isa = XCBuildConfiguration;
			buildSettings = {
				ASSETCATALOG_COMPILER_APPICON_NAME = AppIcon;
				CODE_SIGN_STYLE = Automatic;
				DEVELOPMENT_TEAM = 2UK53EGXY3;
				INFOPLIST_FILE = "KVO函数调用的基本实现/Info.plist";
				LD_RUNPATH_SEARCH_PATHS = "$(inherited) @executable_path/Frameworks";
				PRODUCT_BUNDLE_IDENTIFIER = "-.KVO---------";
				PRODUCT_NAME = "$(TARGET_NAME)";
				SWIFT_VERSION = 4.0;
				TARGETED_DEVICE_FAMILY = "1,2";
			};
			name = Release;
		};
/* End XCBuildConfiguration section */

/* Begin XCConfigurationList section */
		27C538DC21C179EC005EC163 /* Build configuration list for PBXProject "KVO函数调用的基本实现" */ = {
			isa = XCConfigurationList;
			buildConfigurations = (
				27C538F121C179EC005EC163 /* Debug */,
				27C538F221C179EC005EC163 /* Release */,
			);
			defaultConfigurationIsVisible = 0;
			defaultConfigurationName = Release;
		};
		27C538F321C179EC005EC163 /* Build configuration list for PBXNativeTarget "KVO函数调用的基本实现" */ = {
			isa = XCConfigurationList;
			buildConfigurations = (
				27C538F421C179EC005EC163 /* Debug */,
				27C538F521C179EC005EC163 /* Release */,
			);
			defaultConfigurationIsVisible = 0;
			defaultConfigurationName = Release;
		};
/* End XCConfigurationList section */
	};
	rootObject = 27C538D921C179EC005EC163 /* Project object */;
}
